
Microsoft Visual Studio Solution File, Format Version 12.00
# Visual Studio Version 17
VisualStudioVersion = 17.1.32328.378
MinimumVisualStudioVersion = 10.0.40219.1
Project("{9A19103F-16F7-4668-BE54-9A1E7A4F7556}") = "VehicleWebApi", "VehicleWebApi\VehicleWebApi.csproj", "{CBA730E5-616F-454D-A731-186F3FE05EA0}"
EndProject
Project("{FAE04EC0-301F-11D3-BF4B-00C04F79EFBC}") = "VehicleWebApi.Tests", "VehicleWebApi.Tests\VehicleWebApi.Tests.csproj", "{2E92AEAE-2575-4AA4-870B-E4BBF7E3BC9C}"
EndProject
Global
	GlobalSection(SolutionConfigurationPlatforms) = preSolution
		Debug|Any CPU = Debug|Any CPU
		Release|Any CPU = Release|Any CPU
	EndGlobalSection
	GlobalSection(ProjectConfigurationPlatforms) = postSolution
		{CBA730E5-616F-454D-A731-186F3FE05EA0}.Debug|Any CPU.ActiveCfg = Debug|Any CPU
		{CBA730E5-616F-454D-A731-186F3FE05EA0}.Debug|Any CPU.Build.0 = Debug|Any CPU
		{CBA730E5-616F-454D-A731-186F3FE05EA0}.Release|Any CPU.ActiveCfg = Release|Any CPU
		{CBA730E5-616F-454D-A731-186F3FE05EA0}.Release|Any CPU.Build.0 = Release|Any CPU
		{2E92AEAE-2575-4AA4-870B-E4BBF7E3BC9C}.Debug|Any CPU.ActiveCfg = Debug|Any CPU
		{2E92AEAE-2575-4AA4-870B-E4BBF7E3BC9C}.Debug|Any CPU.Build.0 = Debug|Any CPU
		{2E92AEAE-2575-4AA4-870B-E4BBF7E3BC9C}.Release|Any CPU.ActiveCfg = Release|Any CPU
		{2E92AEAE-2575-4AA4-870B-E4BBF7E3BC9C}.Release|Any CPU.Build.0 = Release|Any CPU
	EndGlobalSection
	GlobalSection(SolutionProperties) = preSolution
		HideSolutionNode = FALSE
	EndGlobalSection
	GlobalSection(ExtensibilityGlobals) = postSolution
		SolutionGuid = {9074BE16-75E4-4B26-B2C2-4745C6E7FA1A}
	EndGlobalSection
EndGlobal
